
Microsoft Visual Studio Solution File, Format Version 12.00
# Visual Studio 15
VisualStudioVersion = 15.0.27703.2026
MinimumVisualStudioVersion = 10.0.40219.1
Project("{FAE04EC0-301F-11D3-BF4B-00C04F79EFBC}") = "SchemeWpf", "SchemeWpf.csproj", "{258B9529-6131-4CC9-AA7C-4A096C79DB62}"
EndProject
Global
	GlobalSection(SolutionConfigurationPlatforms) = preSolution
		Debug|Any CPU = Debug|Any CPU
		Release|Any CPU = Release|Any CPU
	EndGlobalSection
	GlobalSection(ProjectConfigurationPlatforms) = postSolution
		{258B9529-6131-4CC9-AA7C-4A096C79DB62}.Debug|Any CPU.ActiveCfg = Debug|Any CPU
		{258B9529-6131-4CC9-AA7C-4A096C79DB62}.Debug|Any CPU.Build.0 = Debug|Any CPU
		{258B9529-6131-4CC9-AA7C-4A096C79DB62}.Release|Any CPU.ActiveCfg = Release|Any CPU
		{258B9529-6131-4CC9-AA7C-4A096C79DB62}.Release|Any CPU.Build.0 = Release|Any CPU
	EndGlobalSection
	GlobalSection(SolutionProperties) = preSolution
		HideSolutionNode = FALSE
	EndGlobalSection
	GlobalSection(ExtensibilityGlobals) = postSolution
		SolutionGuid = {8AC928A7-5565-4978-96B0-586A3FF58A27}
	EndGlobalSection
EndGlobal
